
Microsoft Visual Studio Solution File, Format Version 12.00
# Visual Studio Version 17
VisualStudioVersion = 17.0.31903.59
MinimumVisualStudioVersion = 10.0.40219.1
Project("{FAE04EC0-301F-11D3-BF4B-00C04F79EFBC}") = "Estacionamento", "Estacionamento\Estacionamento.csproj", "{B11FD6C5-7FDD-41BC-BFF0-E3EF786CBAE6}"
EndProject
Project("{FAE04EC0-301F-11D3-BF4B-00C04F79EFBC}") = "Estacionamento.Tests", "Estacionamento.Tests\Estacionamento.Tests.csproj", "{DAF95A2C-D0A9-4B20-957C-8F6A03961FB2}"
EndProject
Global
	GlobalSection(SolutionConfigurationPlatforms) = preSolution
		Debug|Any CPU = Debug|Any CPU
		Release|Any CPU = Release|Any CPU
	EndGlobalSection
	GlobalSection(SolutionProperties) = preSolution
		HideSolutionNode = FALSE
	EndGlobalSection
	GlobalSection(ProjectConfigurationPlatforms) = postSolution
		{B11FD6C5-7FDD-41BC-BFF0-E3EF786CBAE6}.Debug|Any CPU.ActiveCfg = Debug|Any CPU
		{B11FD6C5-7FDD-41BC-BFF0-E3EF786CBAE6}.Debug|Any CPU.Build.0 = Debug|Any CPU
		{B11FD6C5-7FDD-41BC-BFF0-E3EF786CBAE6}.Release|Any CPU.ActiveCfg = Release|Any CPU
		{B11FD6C5-7FDD-41BC-BFF0-E3EF786CBAE6}.Release|Any CPU.Build.0 = Release|Any CPU
		{DAF95A2C-D0A9-4B20-957C-8F6A03961FB2}.Debug|Any CPU.ActiveCfg = Debug|Any CPU
		{DAF95A2C-D0A9-4B20-957C-8F6A03961FB2}.Debug|Any CPU.Build.0 = Debug|Any CPU
		{DAF95A2C-D0A9-4B20-957C-8F6A03961FB2}.Release|Any CPU.ActiveCfg = Release|Any CPU
		{DAF95A2C-D0A9-4B20-957C-8F6A03961FB2}.Release|Any CPU.Build.0 = Release|Any CPU
	EndGlobalSection
EndGlobal
